
Microsoft Visual Studio Solution File, Format Version 12.00
# Visual Studio Version 17
VisualStudioVersion = 17.10.35013.160
MinimumVisualStudioVersion = 10.0.40219.1
Project("{FAE04EC0-301F-11D3-BF4B-00C04F79EFBC}") = "Lab_2_AsadullinaD.D._БПИ-23-01", "Lab_2_AsadullinaD.D._БПИ-23-01.csproj", "{CFDD4AC7-2E6B-4BC1-9A7F-7A02705CDD10}"
EndProject
Global
	GlobalSection(SolutionConfigurationPlatforms) = preSolution
		Debug|Any CPU = Debug|Any CPU
		Release|Any CPU = Release|Any CPU
	EndGlobalSection
	GlobalSection(ProjectConfigurationPlatforms) = postSolution
		{CFDD4AC7-2E6B-4BC1-9A7F-7A02705CDD10}.Debug|Any CPU.ActiveCfg = Debug|Any CPU
		{CFDD4AC7-2E6B-4BC1-9A7F-7A02705CDD10}.Debug|Any CPU.Build.0 = Debug|Any CPU
		{CFDD4AC7-2E6B-4BC1-9A7F-7A02705CDD10}.Release|Any CPU.ActiveCfg = Release|Any CPU
		{CFDD4AC7-2E6B-4BC1-9A7F-7A02705CDD10}.Release|Any CPU.Build.0 = Release|Any CPU
	EndGlobalSection
	GlobalSection(SolutionProperties) = preSolution
		HideSolutionNode = FALSE
	EndGlobalSection
	GlobalSection(ExtensibilityGlobals) = postSolution
		SolutionGuid = {F56A2279-5C09-4447-B557-BC3334F68D9A}
	EndGlobalSection
EndGlobal
